{
  "name": "xstate-vs-microstates",
  "version": "1.0.0",
  "lockfileVersion": 1,
  "requires": true,
  "dependencies": {
    "funcadelic": {
      "version": "0.5.0",
      "resolved": "https://registry.npmjs.org/funcadelic/-/funcadelic-0.5.0.tgz",
      "integrity": "sha512-IhQtXPgHGsxpwcUXh58dmMrBLK5/WegcsF51nWA3nW3cEb8pfXvpIFjNmmZhhg9gUz9wet34o4LgjA231BSHXQ==",
      "requires": {
        "invariant": "2.2.4"
      }
    },
    "get-prototype-descriptors": {
      "version": "0.6.0",
      "resolved": "https://registry.npmjs.org/get-prototype-descriptors/-/get-prototype-descriptors-0.6.0.tgz",
      "integrity": "sha512-b6DB4hHG7Eq8jnmr2LP+h4v+Y1DfjoSxZ1BwTBycixsWw6/bXBuhxzhZcnWgVGz6YOFGVNHoi37nxt+OIlzFwQ==",
      "requires": {
        "invariant": "2.2.4"
      }
    },
    "invariant": {
      "version": "2.2.4",
      "resolved": "https://registry.npmjs.org/invariant/-/invariant-2.2.4.tgz",
      "integrity": "sha512-phJfQVBuaJM5raOpJjSfkiD6BpbCE4Ns//LaXl6wGYtUBY83nWS6Rf9tXm2e8VaK60JEjYldbPif/A2B1C2gNA==",
      "requires": {
        "loose-envify": "^1.0.0"
      }
    },
    "js-tokens": {
      "version": "3.0.2",
      "resolved": "https://registry.npmjs.org/js-tokens/-/js-tokens-3.0.2.tgz",
      "integrity": "sha1-mGbfOVECEw449/mWvOtlRDIJwls="
    },
    "loose-envify": {
      "version": "1.3.1",
      "resolved": "https://registry.npmjs.org/loose-envify/-/loose-envify-1.3.1.tgz",
      "integrity": "sha1-0aitM/qc4OcT1l/dCsi3SNR4yEg=",
      "requires": {
        "js-tokens": "^3.0.0"
      }
    },
    "memoize-getters": {
      "version": "1.1.0",
      "resolved": "https://registry.npmjs.org/memoize-getters/-/memoize-getters-1.1.0.tgz",
      "integrity": "sha512-F/v4OV6SZV9YC2bEIIS0bNy0u3kuCWiFK9UrGtmJn/axFk/roypuoe53w6vrCZzenjLzexpTl20SCT7xrPKopg==",
      "requires": {
        "get-prototype-descriptors": "0.6.0"
      }
    },
    "microstates": {
      "version": "0.7.4-bata.1",
      "resolved": "https://registry.npmjs.org/microstates/-/microstates-0.7.4-bata.1.tgz",
      "integrity": "sha512-HL/d9WA0Rwd6UV345VKSg8xUksMnPa8kDDsUpsQZnHFdbASLOqbttu46QSCmyLjqoKgBKM9I5wHEtv9pVcOiZg==",
      "requires": {
        "funcadelic": "0.5.0",
        "get-prototype-descriptors": "0.6.0",
        "invariant": "2.2.4",
        "memoize-getters": "1.1.0",
        "ramda": "^0.25.0",
        "symbol-observable": "1.2.0"
      }
    },
    "ramda": {
      "version": "0.25.0",
      "resolved": "https://registry.npmjs.org/ramda/-/ramda-0.25.0.tgz",
      "integrity": "sha512-GXpfrYVPwx3K7RQ6aYT8KPS8XViSXUVJT1ONhoKPE9VAleW42YE+U+8VEyGWt41EnEQW7gwecYJriTI0pKoecQ=="
    },
    "symbol-observable": {
      "version": "1.2.0",
      "resolved": "https://registry.npmjs.org/symbol-observable/-/symbol-observable-1.2.0.tgz",
      "integrity": "sha512-e900nM8RRtGhlV36KGEU9k65K3mPb1WV70OdjfxlG2EAuM1noi/E/BaW/uMhL7bPEssK8QV57vN3esixjUvcXQ=="
    },
    "xstate": {
      "version": "3.3.2",
      "resolved": "https://registry.npmjs.org/xstate/-/xstate-3.3.2.tgz",
      "integrity": "sha512-oYSXOQcZRDjUpzG1iUcTJs7LOmm9NnQxDKAXvf7vEl4sEz7zusRENyH501lQwxrg6+bU92bt8ZH9ahm+ISkexg=="
    }
  }
}
